
Microsoft Visual Studio Solution File, Format Version 12.00
# Visual Studio Version 17
VisualStudioVersion = 17.7.34031.279
MinimumVisualStudioVersion = 10.0.40219.1
Project("{FAE04EC0-301F-11D3-BF4B-00C04F79EFBC}") = "Employify", "Employify\Employify.csproj", "{87AA8BCD-7A46-4E94-B0DF-9AE6A2E5AFAE}"
EndProject
Global
	GlobalSection(SolutionConfigurationPlatforms) = preSolution
		Debug|Any CPU = Debug|Any CPU
		Release|Any CPU = Release|Any CPU
	EndGlobalSection
	GlobalSection(ProjectConfigurationPlatforms) = postSolution
		{87AA8BCD-7A46-4E94-B0DF-9AE6A2E5AFAE}.Debug|Any CPU.ActiveCfg = Debug|Any CPU
		{87AA8BCD-7A46-4E94-B0DF-9AE6A2E5AFAE}.Debug|Any CPU.Build.0 = Debug|Any CPU
		{87AA8BCD-7A46-4E94-B0DF-9AE6A2E5AFAE}.Release|Any CPU.ActiveCfg = Release|Any CPU
		{87AA8BCD-7A46-4E94-B0DF-9AE6A2E5AFAE}.Release|Any CPU.Build.0 = Release|Any CPU
	EndGlobalSection
	GlobalSection(SolutionProperties) = preSolution
		HideSolutionNode = FALSE
	EndGlobalSection
	GlobalSection(ExtensibilityGlobals) = postSolution
		SolutionGuid = {7A38EC4A-CC52-4979-AC63-CF7E1FA05B5E}
	EndGlobalSection
EndGlobal
